
Microsoft Visual Studio Solution File, Format Version 12.00
# Visual Studio Version 16
VisualStudioVersion = 16.0.30804.86
MinimumVisualStudioVersion = 10.0.40219.1
Project("{FAE04EC0-301F-11D3-BF4B-00C04F79EFBC}") = "AWSIntegration.WebAPI", "AWSIntegration.WebAPI\AWSIntegration.WebAPI.csproj", "{6ADCE8A8-7A60-486B-99AD-9E663100DE0E}"
EndProject
Global
	GlobalSection(SolutionConfigurationPlatforms) = preSolution
		Debug|Any CPU = Debug|Any CPU
		Release|Any CPU = Release|Any CPU
	EndGlobalSection
	GlobalSection(ProjectConfigurationPlatforms) = postSolution
		{6ADCE8A8-7A60-486B-99AD-9E663100DE0E}.Debug|Any CPU.ActiveCfg = Debug|Any CPU
		{6ADCE8A8-7A60-486B-99AD-9E663100DE0E}.Debug|Any CPU.Build.0 = Debug|Any CPU
		{6ADCE8A8-7A60-486B-99AD-9E663100DE0E}.Release|Any CPU.ActiveCfg = Release|Any CPU
		{6ADCE8A8-7A60-486B-99AD-9E663100DE0E}.Release|Any CPU.Build.0 = Release|Any CPU
	EndGlobalSection
	GlobalSection(SolutionProperties) = preSolution
		HideSolutionNode = FALSE
	EndGlobalSection
	GlobalSection(ExtensibilityGlobals) = postSolution
		SolutionGuid = {CD045DBC-5277-4162-8865-489B3E60041A}
	EndGlobalSection
EndGlobal
